Microsoft Visual Studio Solution File, Format Version 12.00
# Visual Studio Version 17
VisualStudioVersion = 17.14.35821.62
MinimumVisualStudioVersion = 10.0.40219.1
Project("{FAE04EC0-301F-11D3-BF4B-00C04F79EFBC}") = "tugas pbo pr", "tugas pbo pr\tugas pbo pr.csproj", "{DFB3CB66-1B80-498D-80AB-97D673198615}"
EndProject
Global
	GlobalSection(SolutionConfigurationPlatforms) = preSolution
		Debug|Any CPU = Debug|Any CPU
		Release|Any CPU = Release|Any CPU
	EndGlobalSection
	GlobalSection(ProjectConfigurationPlatforms) = postSolution
		{DFB3CB66-1B80-498D-80AB-97D673198615}.Debug|Any CPU.ActiveCfg = Debug|Any CPU
		{DFB3CB66-1B80-498D-80AB-97D673198615}.Debug|Any CPU.Build.0 = Debug|Any CPU
		{DFB3CB66-1B80-498D-80AB-97D673198615}.Release|Any CPU.ActiveCfg = Release|Any CPU
		{DFB3CB66-1B80-498D-80AB-97D673198615}.Release|Any CPU.Build.0 = Release|Any CPU
	EndGlobalSection
	GlobalSection(SolutionProperties) = preSolution
		HideSolutionNode = FALSE
	EndGlobalSection
	GlobalSection(ExtensibilityGlobals) = postSolution
		SolutionGuid = {0AA4F1B3-F08D-4D47-83CD-8922160AA043}
	EndGlobalSection
EndGlobal
